github.com/gokrazy/tools v0.0.0-20221120152115-b0f51bdf9220 h1:wiyBaCnQSyaAY6KQJ+yr9Dm7q948skXh5ZtwUc1AJ6Q=
github.com/gokrazy/tools v0.0.0-20221120152115-b0f51bdf9220/go.mod h1:o5QgDgPz+z/yecPXDyyJniUo8JurN7kdghCeINtTBOI=
github.com/opencontainers/go-digest v1.0.0 h1:apOUWs51W5PlhuyGyz9FCeeBIOUDA/6nW8Oi/yOhh5U=
github.com/opencontainers/go-digest v1.0.0/go.mod h1:0JzlMkj0TRzQZfJkVvzbP0HBR3IKzErnv2BNG4W4MAM=
github.com/opencontainers/image-spec v1.1.0-rc2 h1:2zx/Stx4Wc5pIPDvIxHXvXtQFW/7XWJGmnM7r3wg034=
github.com/opencontainers/image-spec v1.1.0-rc2/go.mod h1:3OVijpioIKYWTqjiG0zfF6wvoJ4fAXGbjdZuI2NgsRQ=
golang.org/x/mod v0.5.1 h1:OJxoQ/rynoF0dcCdI7cLPktw/hR2cueqYfjm43oqK38=
golang.org/x/mod v0.5.1/go.mod h1:5OXOZSfqPIIbmVBIIKWRFfZjPR0E5r58TLhUjH0a2Ro=
golang.org/x/sync v0.0.0-20210220032951-036812b2e83c h1:5KslGYwFpkhGh+Q16bwMP3cOontH8FOep7tGV86Y7SQ=
golang.org/x/sync v0.0.0-20210220032951-036812b2e83c/go.mod h1:RxMgew5VJxzue5/jJTE5uejpjVlOe/izrB70Jof72aM=
golang.org/x/sys v0.0.0-20210820121016-41cdb8703e55 h1:rw6UNGRMfarCepjI8qOepea/SXwIBVfTKjztZ5gBbq4=
golang.org/x/sys v0.0.0-20210820121016-41cdb8703e55/go.mod h1:oPkhp1MJrh7nUepCBck5+mAzfO9JrbApNNgaTdGDITg=
golang.org/x/xerrors v0.0.0-20200804184101-5ec99f83aff1 h1:go1bK/D/BFZV2I8cIQd1NKEZ+0owSTG1fDTci4IqFcE=
golang.org/x/xerrors v0.0.0-20200804184101-5ec99f83aff1/go.mod h1:I/5z698sn9Ka8TeJc9MKroUUfqBBauWjQqLJ2OPfmY0=
oras.land/oras-go/v2 v2.0.0-rc.5 h1:enT2ZMNo383bH3INm1/+mw4d09AaMbqx0BMhsgEDUSg=
oras.land/oras-go/v2 v2.0.0-rc.5/go.mod h1:YGHvWBGuqRlZgUyXUIoKsR3lcuCOb3DAtG0SEsEw1iY=
